# THIS IS AN AUTOGENERATED FILE. DO NOT EDIT THIS FILE DIRECTLY.
# yarn lockfile v1


minimist@^1.2.7:
  version "1.2.7"
  resolved "https://registry.yarnpkg.com/minimist/-/minimist-1.2.7.tgz#daa1c4d91f507390437c6a8bc01078e7000c4d18"
  integrity sha512-bzfL1YUZsP41gmu/qjrEk0Q6i2ix/cVeAhbCbqH9u3zYutS1cLg00qhrD0M2MVdCcx4Sc0UpP2eBWo9rotpq6g==

prettier@^2.8.1:
  version "2.8.1"
  resolved "https://registry.yarnpkg.com/prettier/-/prettier-2.8.1.tgz#4e1fd11c34e2421bc1da9aea9bd8127cd0a35efc"
  integrity sha512-lqGoSJBQNJidqCHE80vqZJHWHRFoNYsSpP9AjFhlhi9ODCJA541svILes/+/1GM3VaL/abZi7cpFzOpdR9UPKg==
