# THIS IS AN AUTOGENERATED FILE. DO NOT EDIT THIS FILE DIRECTLY.
# yarn lockfile v1


colors@^1.4.0:
  version "1.4.0"
  resolved "https://registry.yarnpkg.com/colors/-/colors-1.4.0.tgz#c50491479d4c1bdaed2c9ced32cf7c7dc2360f78"
  integrity sha512-a+UqTh4kgZg/SlGvfbzDHpgRu7AAQOmmqRHJnxhRZICKFUT91brVhNNt58CMWU9PsBbv3PDCZUHbVxuDiH2mtA==

js-logger@^1.6.1:
  version "1.6.1"
  resolved "https://registry.yarnpkg.com/js-logger/-/js-logger-1.6.1.tgz#8f09671b515e4a6f31dced8fdb8923432e2c60af"
  integrity sha512-yTgMCPXVjhmg28CuUH8CKjU+cIKL/G+zTu4Fn4lQxs8mRFH/03QTNvEFngcxfg/gRDiQAOoyCKmMTOm9ayOzXA==
